
Microsoft Visual Studio Solution File, Format Version 12.00
# Visual Studio 15
VisualStudioVersion = 15.0.28307.1062
MinimumVisualStudioVersion = 10.0.40219.1
Project("{FAE04EC0-301F-11D3-BF4B-00C04F79EFBC}") = "OMSWinForm", "OMSWinForm\OMSWinForm.csproj", "{5E53DB2D-447C-4073-B985-16D1F1029E8D}"
EndProject
Global
	GlobalSection(SolutionConfigurationPlatforms) = preSolution
		Debug|Any CPU = Debug|Any CPU
		Release|Any CPU = Release|Any CPU
	EndGlobalSection
	GlobalSection(ProjectConfigurationPlatforms) = postSolution
		{5E53DB2D-447C-4073-B985-16D1F1029E8D}.Debug|Any CPU.ActiveCfg = Debug|Any CPU
		{5E53DB2D-447C-4073-B985-16D1F1029E8D}.Debug|Any CPU.Build.0 = Debug|Any CPU
		{5E53DB2D-447C-4073-B985-16D1F1029E8D}.Release|Any CPU.ActiveCfg = Release|Any CPU
		{5E53DB2D-447C-4073-B985-16D1F1029E8D}.Release|Any CPU.Build.0 = Release|Any CPU
	EndGlobalSection
	GlobalSection(SolutionProperties) = preSolution
		HideSolutionNode = FALSE
	EndGlobalSection
	GlobalSection(ExtensibilityGlobals) = postSolution
		SolutionGuid = {78557EFD-87A3-4D16-AA45-5FA0B6AB5DDE}
	EndGlobalSection
EndGlobal
