
Microsoft Visual Studio Solution File, Format Version 12.00
# Visual Studio 15
VisualStudioVersion = 15.0.28307.1062
MinimumVisualStudioVersion = 10.0.40219.1
Project("{FAE04EC0-301F-11D3-BF4B-00C04F79EFBC}") = "OMS", "OMS\OMS.csproj", "{975D840F-5B77-4E5F-A8BF-241DC1DACFCC}"
EndProject
Project("{FAE04EC0-301F-11D3-BF4B-00C04F79EFBC}") = "OMSTests", "OMSTests\OMSTests.csproj", "{BBE0DE06-BF11-49FE-8337-F2CDF71638D9}"
EndProject
Global
	GlobalSection(SolutionConfigurationPlatforms) = preSolution
		Debug|Any CPU = Debug|Any CPU
		Release|Any CPU = Release|Any CPU
	EndGlobalSection
	GlobalSection(ProjectConfigurationPlatforms) = postSolution
		{975D840F-5B77-4E5F-A8BF-241DC1DACFCC}.Debug|Any CPU.ActiveCfg = Debug|Any CPU
		{975D840F-5B77-4E5F-A8BF-241DC1DACFCC}.Debug|Any CPU.Build.0 = Debug|Any CPU
		{975D840F-5B77-4E5F-A8BF-241DC1DACFCC}.Release|Any CPU.ActiveCfg = Release|Any CPU
		{975D840F-5B77-4E5F-A8BF-241DC1DACFCC}.Release|Any CPU.Build.0 = Release|Any CPU
		{BBE0DE06-BF11-49FE-8337-F2CDF71638D9}.Debug|Any CPU.ActiveCfg = Debug|Any CPU
		{BBE0DE06-BF11-49FE-8337-F2CDF71638D9}.Debug|Any CPU.Build.0 = Debug|Any CPU
		{BBE0DE06-BF11-49FE-8337-F2CDF71638D9}.Release|Any CPU.ActiveCfg = Release|Any CPU
		{BBE0DE06-BF11-49FE-8337-F2CDF71638D9}.Release|Any CPU.Build.0 = Release|Any CPU
	EndGlobalSection
	GlobalSection(SolutionProperties) = preSolution
		HideSolutionNode = FALSE
	EndGlobalSection
	GlobalSection(ExtensibilityGlobals) = postSolution
		SolutionGuid = {1863C3E8-867E-439E-A71B-CDA17FC48D4A}
	EndGlobalSection
EndGlobal
